
Microsoft Visual Studio Solution File, Format Version 12.00
# Visual Studio Version 17
VisualStudioVersion = 17.8.34525.116
MinimumVisualStudioVersion = 10.0.40219.1
Project("{2150E333-8FDC-42A3-9474-1A3956D46DE8}") = "Source", "Source", "{7052A5D1-B85B-43F1-8A07-15D163C3A150}"
EndProject
Project("{2150E333-8FDC-42A3-9474-1A3956D46DE8}") = "1 - Api", "1 - Api", "{F776CE5F-086B-4497-A53F-12C703B5C01C}"
EndProject
Project("{FAE04EC0-301F-11D3-BF4B-00C04F79EFBC}") = "ES.Application.API", "ES.Application.API\ES.Application.API.csproj", "{CD9E1081-9D34-438D-B907-EAE37F60A900}"
EndProject
Project("{2150E333-8FDC-42A3-9474-1A3956D46DE8}") = "2 - Domain", "2 - Domain", "{A4DCB223-C690-448E-AC10-D7A97F264EC9}"
EndProject
Project("{FAE04EC0-301F-11D3-BF4B-00C04F79EFBC}") = "ES.Domain.API", "ES.Domain.API\ES.Domain.API.csproj", "{35F4C12C-03B4-42F0-9062-B36AD82F8CB2}"
EndProject
Project("{2150E333-8FDC-42A3-9474-1A3956D46DE8}") = "3 - Infra", "3 - Infra", "{3933179D-5FA7-4E05-ADC5-ABF79C779B49}"
EndProject
Project("{FAE04EC0-301F-11D3-BF4B-00C04F79EFBC}") = "ES.Infra.API", "ES.Infra.API\ES.Infra.API.csproj", "{E624A66A-B80D-4194-B613-FF4AA73662A7}"
EndProject
Project("{2150E333-8FDC-42A3-9474-1A3956D46DE8}") = "4 - Services", "4 - Services", "{ADCBF9E3-210C-4126-9E09-F6F74613DD3F}"
EndProject
Project("{FAE04EC0-301F-11D3-BF4B-00C04F79EFBC}") = "ES.Services.API", "ES.Services.API\ES.Services.API.csproj", "{E11CE95C-6239-4F49-881D-8D3671462759}"
EndProject
Project("{2150E333-8FDC-42A3-9474-1A3956D46DE8}") = "Models", "Models", "{07F8CD59-4A41-483A-9FEF-2C9B8E1458E5}"
	ProjectSection(SolutionItems) = preProject
		ProdutosModel.cs = ProdutosModel.cs
	EndProjectSection
EndProject
Global
	GlobalSection(SolutionConfigurationPlatforms) = preSolution
		Debug|Any CPU = Debug|Any CPU
		Release|Any CPU = Release|Any CPU
	EndGlobalSection
	GlobalSection(ProjectConfigurationPlatforms) = postSolution
		{CD9E1081-9D34-438D-B907-EAE37F60A900}.Debug|Any CPU.ActiveCfg = Debug|Any CPU
		{CD9E1081-9D34-438D-B907-EAE37F60A900}.Debug|Any CPU.Build.0 = Debug|Any CPU
		{CD9E1081-9D34-438D-B907-EAE37F60A900}.Release|Any CPU.ActiveCfg = Release|Any CPU
		{CD9E1081-9D34-438D-B907-EAE37F60A900}.Release|Any CPU.Build.0 = Release|Any CPU
		{35F4C12C-03B4-42F0-9062-B36AD82F8CB2}.Debug|Any CPU.ActiveCfg = Debug|Any CPU
		{35F4C12C-03B4-42F0-9062-B36AD82F8CB2}.Debug|Any CPU.Build.0 = Debug|Any CPU
		{35F4C12C-03B4-42F0-9062-B36AD82F8CB2}.Release|Any CPU.ActiveCfg = Release|Any CPU
		{35F4C12C-03B4-42F0-9062-B36AD82F8CB2}.Release|Any CPU.Build.0 = Release|Any CPU
		{E624A66A-B80D-4194-B613-FF4AA73662A7}.Debug|Any CPU.ActiveCfg = Debug|Any CPU
		{E624A66A-B80D-4194-B613-FF4AA73662A7}.Debug|Any CPU.Build.0 = Debug|Any CPU
		{E624A66A-B80D-4194-B613-FF4AA73662A7}.Release|Any CPU.ActiveCfg = Release|Any CPU
		{E624A66A-B80D-4194-B613-FF4AA73662A7}.Release|Any CPU.Build.0 = Release|Any CPU
		{E11CE95C-6239-4F49-881D-8D3671462759}.Debug|Any CPU.ActiveCfg = Debug|Any CPU
		{E11CE95C-6239-4F49-881D-8D3671462759}.Debug|Any CPU.Build.0 = Debug|Any CPU
		{E11CE95C-6239-4F49-881D-8D3671462759}.Release|Any CPU.ActiveCfg = Release|Any CPU
		{E11CE95C-6239-4F49-881D-8D3671462759}.Release|Any CPU.Build.0 = Release|Any CPU
	EndGlobalSection
	GlobalSection(SolutionProperties) = preSolution
		HideSolutionNode = FALSE
	EndGlobalSection
	GlobalSection(NestedProjects) = preSolution
		{F776CE5F-086B-4497-A53F-12C703B5C01C} = {7052A5D1-B85B-43F1-8A07-15D163C3A150}
		{CD9E1081-9D34-438D-B907-EAE37F60A900} = {F776CE5F-086B-4497-A53F-12C703B5C01C}
		{A4DCB223-C690-448E-AC10-D7A97F264EC9} = {7052A5D1-B85B-43F1-8A07-15D163C3A150}
		{35F4C12C-03B4-42F0-9062-B36AD82F8CB2} = {A4DCB223-C690-448E-AC10-D7A97F264EC9}
		{3933179D-5FA7-4E05-ADC5-ABF79C779B49} = {7052A5D1-B85B-43F1-8A07-15D163C3A150}
		{E624A66A-B80D-4194-B613-FF4AA73662A7} = {3933179D-5FA7-4E05-ADC5-ABF79C779B49}
		{ADCBF9E3-210C-4126-9E09-F6F74613DD3F} = {7052A5D1-B85B-43F1-8A07-15D163C3A150}
		{E11CE95C-6239-4F49-881D-8D3671462759} = {ADCBF9E3-210C-4126-9E09-F6F74613DD3F}
		{07F8CD59-4A41-483A-9FEF-2C9B8E1458E5} = {A4DCB223-C690-448E-AC10-D7A97F264EC9}
	EndGlobalSection
	GlobalSection(ExtensibilityGlobals) = postSolution
		SolutionGuid = {216E3358-7580-466B-99F9-C348743B46F5}
	EndGlobalSection
EndGlobal
